PODS:
  - SKTagsPicker (1.0.0)

DEPENDENCIES:
  - SKTagsPicker (from `SKTagsPicker/.`)

EXTERNAL SOURCES:
  SKTagsPicker:
    :path: SKTagsPicker/.

SPEC CHECKSUMS:
  SKTagsPicker: 8a6577894c8c9e29233475eb166a5bd121f66034

PODFILE CHECKSUM: 70b4cd2ffd23ebbababf10854fa1002866b4d0de

COCOAPODS: 1.16.2
